
Microsoft Visual Studio Solution File, Format Version 12.00
# Visual Studio Version 17
VisualStudioVersion = 17.4.33110.190
MinimumVisualStudioVersion = 10.0.40219.1
Project("{9A19103F-16F7-4668-BE54-9A1E7A4F7556}") = "TrackerLibrary", "TrackerLibrary\TrackerLibrary.csproj", "{821AA4F8-0F75-49A9-93CA-925207774757}"
EndProject
Project("{FAE04EC0-301F-11D3-BF4B-00C04F79EFBC}") = "TrackerUI", "TrackerUI\TrackerUI.csproj", "{BF8428EC-E79C-4BD5-A092-9487F49C9164}"
EndProject
Project("{2150E333-8FDC-42A3-9474-1A3956D46DE8}") = "TrackerDBScripts", "TrackerDBScripts", "{2CA1E843-46D1-4327-B7F0-5870B314DC7E}"
	ProjectSection(SolutionItems) = preProject
		MatchupEntries.sql = MatchupEntries.sql
	EndProjectSection
EndProject
Global
	GlobalSection(SolutionConfigurationPlatforms) = preSolution
		Debug|Any CPU = Debug|Any CPU
		Release|Any CPU = Release|Any CPU
	EndGlobalSection
	GlobalSection(ProjectConfigurationPlatforms) = postSolution
		{821AA4F8-0F75-49A9-93CA-925207774757}.Debug|Any CPU.ActiveCfg = Debug|Any CPU
		{821AA4F8-0F75-49A9-93CA-925207774757}.Debug|Any CPU.Build.0 = Debug|Any CPU
		{821AA4F8-0F75-49A9-93CA-925207774757}.Release|Any CPU.ActiveCfg = Release|Any CPU
		{821AA4F8-0F75-49A9-93CA-925207774757}.Release|Any CPU.Build.0 = Release|Any CPU
		{BF8428EC-E79C-4BD5-A092-9487F49C9164}.Debug|Any CPU.ActiveCfg = Debug|Any CPU
		{BF8428EC-E79C-4BD5-A092-9487F49C9164}.Debug|Any CPU.Build.0 = Debug|Any CPU
		{BF8428EC-E79C-4BD5-A092-9487F49C9164}.Release|Any CPU.ActiveCfg = Release|Any CPU
		{BF8428EC-E79C-4BD5-A092-9487F49C9164}.Release|Any CPU.Build.0 = Release|Any CPU
	EndGlobalSection
	GlobalSection(SolutionProperties) = preSolution
		HideSolutionNode = FALSE
	EndGlobalSection
	GlobalSection(ExtensibilityGlobals) = postSolution
		SolutionGuid = {CADD021B-66CF-4300-9CD9-4924638DAD5A}
	EndGlobalSection
EndGlobal
